<?xml version="1.0" encoding="utf-8"?>
<Project ToolsVersion="4.0" xmlns="http://schemas.microsoft.com/developer/msbuild/2003">
  <ItemGroup>
    <ClCompile Include="main.cpp" />
    <ClCompile Include="stdafx.cpp">
      <Filter>Tracing</Filter>
    </ClCompile>
  </ItemGroup>
  <ItemGroup>
    <ClInclude Include="sort.h">
      <Filter>Algorithms</Filter>
    </ClInclude>
    <ClInclude Include="tree.h">
      <Filter>Algorithms</Filter>
    </ClInclude>
    <ClInclude Include="particle.h">
      <Filter>Algorithms</Filter>
    </ClInclude>
    <ClInclude Include="account.h">
      <Filter>Algorithms</Filter>
    </ClInclude>
    <ClInclude Include="matrix.h">
      <Filter>Algorithms</Filter>
    </ClInclude>
    <ClInclude Include="matmul.h">
      <Filter>Tracing</Filter>
    </ClInclude>
    <ClInclude Include="resource.h">
      <Filter>Tracing</Filter>
    </ClInclude>
    <ClInclude Include="targetver.h">
      <Filter>Tracing</Filter>
    </ClInclude>
    <ClInclude Include="stdafx.h">
      <Filter>Tracing</Filter>
    </ClInclude>
    <ClInclude Include="phase.h">
      <Filter>Algorithms</Filter>
    </ClInclude>
    <ClInclude Include="sum.h">
      <Filter>Algorithms</Filter>
    </ClInclude>
    <ClInclude Include="badcache.h">
      <Filter>Algorithms</Filter>
    </ClInclude>
  </ItemGroup>
  <ItemGroup>
    <Text Include="..\start.bat" />
    <Text Include="Readme.txt" />
  </ItemGroup>
  <ItemGroup>
    <Filter Include="Algorithms">
      <UniqueIdentifier>{963048ff-10ca-4280-8e3d-def1b13971e1}</UniqueIdentifier>
    </Filter>
    <Filter Include="Tracing">
      <UniqueIdentifier>{bce0cb4f-9c4c-4c53-82cf-5af8f76400e6}</UniqueIdentifier>
    </Filter>
  </ItemGroup>
  <ItemGroup>
    <None Include="Matmul.man">
      <Filter>Tracing</Filter>
    </None>
  </ItemGroup>
  <ItemGroup>
    <ResourceCompile Include="Matmul.rc">
      <Filter>Tracing</Filter>
    </ResourceCompile>
  </ItemGroup>
</Project>